
Microsoft Visual Studio Solution File, Format Version 12.00
# Visual Studio Express 15 for Windows Desktop
VisualStudioVersion = 15.0.35116.124
MinimumVisualStudioVersion = 10.0.40219.1
Project("{FAE04EC0-301F-11D3-BF4B-00C04F79EFBC}") = "UserPassGen", "UserPassGen\UserPassGen.csproj", "{04BF584A-1250-4A94-A9CB-605076D58C34}"
EndProject
Global
	GlobalSection(SolutionConfigurationPlatforms) = preSolution
		Debug|Any CPU = Debug|Any CPU
		Release|Any CPU = Release|Any CPU
	EndGlobalSection
	GlobalSection(ProjectConfigurationPlatforms) = postSolution
		{04BF584A-1250-4A94-A9CB-605076D58C34}.Debug|Any CPU.ActiveCfg = Debug|Any CPU
		{04BF584A-1250-4A94-A9CB-605076D58C34}.Debug|Any CPU.Build.0 = Debug|Any CPU
		{04BF584A-1250-4A94-A9CB-605076D58C34}.Release|Any CPU.ActiveCfg = Release|Any CPU
		{04BF584A-1250-4A94-A9CB-605076D58C34}.Release|Any CPU.Build.0 = Release|Any CPU
	EndGlobalSection
	GlobalSection(SolutionProperties) = preSolution
		HideSolutionNode = FALSE
	EndGlobalSection
	GlobalSection(ExtensibilityGlobals) = postSolution
		SolutionGuid = {E622B64B-1CBA-4175-8B90-9F99D6E8D6A9}
	EndGlobalSection
EndGlobal
